
Microsoft Visual Studio Solution File, Format Version 12.00
# Visual Studio Version 16
VisualStudioVersion = 16.0.29613.14
MinimumVisualStudioVersion = 10.0.40219.1
Project("{9A19103F-16F7-4668-BE54-9A1E7A4F7556}") = "car_rental", "car_rental\car_rental.csproj", "{C1C3DDFD-825C-44AD-B419-A6436FA80643}"
EndProject
Project("{FAE04EC0-301F-11D3-BF4B-00C04F79EFBC}") = "test", "test\test.csproj", "{073E018E-4124-4B2A-B0C6-63697D3653EB}"
EndProject
Global
	GlobalSection(SolutionConfigurationPlatforms) = preSolution
		Debug|Any CPU = Debug|Any CPU
		Release|Any CPU = Release|Any CPU
	EndGlobalSection
	GlobalSection(ProjectConfigurationPlatforms) = postSolution
		{C1C3DDFD-825C-44AD-B419-A6436FA80643}.Debug|Any CPU.ActiveCfg = Debug|Any CPU
		{C1C3DDFD-825C-44AD-B419-A6436FA80643}.Debug|Any CPU.Build.0 = Debug|Any CPU
		{C1C3DDFD-825C-44AD-B419-A6436FA80643}.Release|Any CPU.ActiveCfg = Release|Any CPU
		{C1C3DDFD-825C-44AD-B419-A6436FA80643}.Release|Any CPU.Build.0 = Release|Any CPU
		{073E018E-4124-4B2A-B0C6-63697D3653EB}.Debug|Any CPU.ActiveCfg = Debug|Any CPU
		{073E018E-4124-4B2A-B0C6-63697D3653EB}.Debug|Any CPU.Build.0 = Debug|Any CPU
		{073E018E-4124-4B2A-B0C6-63697D3653EB}.Release|Any CPU.ActiveCfg = Release|Any CPU
		{073E018E-4124-4B2A-B0C6-63697D3653EB}.Release|Any CPU.Build.0 = Release|Any CPU
	EndGlobalSection
	GlobalSection(SolutionProperties) = preSolution
		HideSolutionNode = FALSE
	EndGlobalSection
	GlobalSection(ExtensibilityGlobals) = postSolution
		SolutionGuid = {7201ECB5-FD46-4C80-A11F-FEC168DF273F}
	EndGlobalSection
EndGlobal
